
Microsoft Visual Studio Solution File, Format Version 12.00
# Visual Studio Version 16
VisualStudioVersion = 16.0.30114.105
MinimumVisualStudioVersion = 10.0.40219.1
Project("{FAE04EC0-301F-11D3-BF4B-00C04F79EFBC}") = "Spark.Setup", "Spark.Setup.ConfigFile\Spark.Setup.csproj", "{F24A15C1-93BF-457C-85E1-96C53AE66274}"
EndProject
Project("{FAE04EC0-301F-11D3-BF4B-00C04F79EFBC}") = "Spark.Library.Bussiness", "Spark.Bussiness.Library\Spark.Library.Bussiness.csproj", "{6FE5CF8A-ED61-4D4F-AC56-1589C832E94F}"
EndProject
Project("{9A19103F-16F7-4668-BE54-9A1E7A4F7556}") = "Spark.ManualTests", "Spark.ManualTests\Spark.ManualTests.csproj", "{70F7FE86-9CA5-4400-9AF7-9A8ED299BFA9}"
EndProject
Project("{9A19103F-16F7-4668-BE54-9A1E7A4F7556}") = "Spark.Tests", "Spark.Tests\Spark.Tests.csproj", "{387B748E-824A-43AA-B64A-4D83402100EF}"
EndProject
Project("{FAE04EC0-301F-11D3-BF4B-00C04F79EFBC}") = "Spark.Library.Web", "SparkLibrary.Web\Spark.Library.Web.csproj", "{502F03F2-050A-4D9B-B260-7F0D0BC77A64}"
EndProject
Project("{FAE04EC0-301F-11D3-BF4B-00C04F79EFBC}") = "Spark.Invoice.Manager.WPF", "SparkInvoiceManager\Spark.Invoice.Manager.WPF.csproj", "{48B10485-B9FD-4C82-B3A6-4B477715146A}"
EndProject
Project("{FAE04EC0-301F-11D3-BF4B-00C04F79EFBC}") = "Spark.Invoice.Data", "Spark.Invoice.Data\Spark.Invoice.Data.csproj", "{EEE72391-B3AF-4972-B57C-8225DE23470E}"
EndProject
Project("{FAE04EC0-301F-11D3-BF4B-00C04F79EFBC}") = "Spark.Invoice.Manager.MVC", "Spark.Invoice.Manager.MVC\Spark.Invoice.Manager.MVC.csproj", "{4D95F1B2-8848-4BE9-A7D4-BE6AE377B34E}"
EndProject
Project("{FAE04EC0-301F-11D3-BF4B-00C04F79EFBC}") = "Spark.Courses", "Spark.Courses\Spark.Courses.csproj", "{9EE7AAE5-755D-4F9E-AA77-4F62A296858C}"
EndProject
Project("{FAE04EC0-301F-11D3-BF4B-00C04F79EFBC}") = "Spark.DataBase", "Spark.DataBase\Spark.DataBase.csproj", "{99D04A14-7064-4D01-A1C5-5C00F8029230}"
EndProject
Project("{2150E333-8FDC-42A3-9474-1A3956D46DE8}") = "Invoice Manager", "Invoice Manager", "{1E5ED147-4DB6-4794-B63D-17F3675321BB}"
EndProject
Project("{2150E333-8FDC-42A3-9474-1A3956D46DE8}") = "Libraries", "Libraries", "{BA21A43E-BAF5-4583-9EAC-3D9D9A1E0476}"
EndProject
Project("{2150E333-8FDC-42A3-9474-1A3956D46DE8}") = "Tests", "Tests", "{76EBF98F-6BC9-41CB-AFA5-F5BC90E44CEA}"
EndProject
Project("{FAE04EC0-301F-11D3-BF4B-00C04F79EFBC}") = "Spark.Invoice.Manager.WPF2", "Spark.Invoice.Manager.WPF2\Spark.Invoice.Manager.WPF2.csproj", "{EFE710DF-F90F-42EA-939E-4D63FB045A94}"
EndProject
Project("{FAE04EC0-301F-11D3-BF4B-00C04F79EFBC}") = "Spark.Invice.Blazor.Srv", "Spark.Invice.Blazor.Srv\Spark.Invice.Blazor.Srv.csproj", "{2AAC5754-8114-4C86-990F-99E12106A68D}"
	ProjectSection(ProjectDependencies) = postProject
		{EEE72391-B3AF-4972-B57C-8225DE23470E} = {EEE72391-B3AF-4972-B57C-8225DE23470E}
	EndProjectSection
EndProject
Global
	GlobalSection(SolutionConfigurationPlatforms) = preSolution
		Debug|Any CPU = Debug|Any CPU
		Debug|ARM = Debug|ARM
		Debug|ARM64 = Debug|ARM64
		Debug|x64 = Debug|x64
		Debug|x86 = Debug|x86
		Release|Any CPU = Release|Any CPU
		Release|ARM = Release|ARM
		Release|ARM64 = Release|ARM64
		Release|x64 = Release|x64
		Release|x86 = Release|x86
	EndGlobalSection
	GlobalSection(ProjectConfigurationPlatforms) = postSolution
		{F24A15C1-93BF-457C-85E1-96C53AE66274}.Debug|Any CPU.ActiveCfg = Debug|Any CPU
		{F24A15C1-93BF-457C-85E1-96C53AE66274}.Debug|Any CPU.Build.0 = Debug|Any CPU
		{F24A15C1-93BF-457C-85E1-96C53AE66274}.Debug|ARM.ActiveCfg = Debug|Any CPU
		{F24A15C1-93BF-457C-85E1-96C53AE66274}.Debug|ARM.Build.0 = Debug|Any CPU
		{F24A15C1-93BF-457C-85E1-96C53AE66274}.Debug|ARM64.ActiveCfg = Debug|Any CPU
		{F24A15C1-93BF-457C-85E1-96C53AE66274}.Debug|ARM64.Build.0 = Debug|Any CPU
		{F24A15C1-93BF-457C-85E1-96C53AE66274}.Debug|x64.ActiveCfg = Debug|Any CPU
		{F24A15C1-93BF-457C-85E1-96C53AE66274}.Debug|x64.Build.0 = Debug|Any CPU
		{F24A15C1-93BF-457C-85E1-96C53AE66274}.Debug|x86.ActiveCfg = Debug|Any CPU
		{F24A15C1-93BF-457C-85E1-96C53AE66274}.Debug|x86.Build.0 = Debug|Any CPU
		{F24A15C1-93BF-457C-85E1-96C53AE66274}.Release|Any CPU.ActiveCfg = Release|Any CPU
		{F24A15C1-93BF-457C-85E1-96C53AE66274}.Release|Any CPU.Build.0 = Release|Any CPU
		{F24A15C1-93BF-457C-85E1-96C53AE66274}.Release|ARM.ActiveCfg = Release|Any CPU
		{F24A15C1-93BF-457C-85E1-96C53AE66274}.Release|ARM.Build.0 = Release|Any CPU
		{F24A15C1-93BF-457C-85E1-96C53AE66274}.Release|ARM64.ActiveCfg = Release|Any CPU
		{F24A15C1-93BF-457C-85E1-96C53AE66274}.Release|ARM64.Build.0 = Release|Any CPU
		{F24A15C1-93BF-457C-85E1-96C53AE66274}.Release|x64.ActiveCfg = Release|Any CPU
		{F24A15C1-93BF-457C-85E1-96C53AE66274}.Release|x64.Build.0 = Release|Any CPU
		{F24A15C1-93BF-457C-85E1-96C53AE66274}.Release|x86.ActiveCfg = Release|Any CPU
		{F24A15C1-93BF-457C-85E1-96C53AE66274}.Release|x86.Build.0 = Release|Any CPU
		{6FE5CF8A-ED61-4D4F-AC56-1589C832E94F}.Debug|Any CPU.ActiveCfg = Debug|Any CPU
		{6FE5CF8A-ED61-4D4F-AC56-1589C832E94F}.Debug|Any CPU.Build.0 = Debug|Any CPU
		{6FE5CF8A-ED61-4D4F-AC56-1589C832E94F}.Debug|ARM.ActiveCfg = Debug|Any CPU
		{6FE5CF8A-ED61-4D4F-AC56-1589C832E94F}.Debug|ARM.Build.0 = Debug|Any CPU
		{6FE5CF8A-ED61-4D4F-AC56-1589C832E94F}.Debug|ARM64.ActiveCfg = Debug|Any CPU
		{6FE5CF8A-ED61-4D4F-AC56-1589C832E94F}.Debug|ARM64.Build.0 = Debug|Any CPU
		{6FE5CF8A-ED61-4D4F-AC56-1589C832E94F}.Debug|x64.ActiveCfg = Debug|Any CPU
		{6FE5CF8A-ED61-4D4F-AC56-1589C832E94F}.Debug|x64.Build.0 = Debug|Any CPU
		{6FE5CF8A-ED61-4D4F-AC56-1589C832E94F}.Debug|x86.ActiveCfg = Debug|Any CPU
		{6FE5CF8A-ED61-4D4F-AC56-1589C832E94F}.Debug|x86.Build.0 = Debug|Any CPU
		{6FE5CF8A-ED61-4D4F-AC56-1589C832E94F}.Release|Any CPU.ActiveCfg = Release|Any CPU
		{6FE5CF8A-ED61-4D4F-AC56-1589C832E94F}.Release|Any CPU.Build.0 = Release|Any CPU
		{6FE5CF8A-ED61-4D4F-AC56-1589C832E94F}.Release|ARM.ActiveCfg = Release|Any CPU
		{6FE5CF8A-ED61-4D4F-AC56-1589C832E94F}.Release|ARM.Build.0 = Release|Any CPU
		{6FE5CF8A-ED61-4D4F-AC56-1589C832E94F}.Release|ARM64.ActiveCfg = Release|Any CPU
		{6FE5CF8A-ED61-4D4F-AC56-1589C832E94F}.Release|ARM64.Build.0 = Release|Any CPU
		{6FE5CF8A-ED61-4D4F-AC56-1589C832E94F}.Release|x64.ActiveCfg = Release|Any CPU
		{6FE5CF8A-ED61-4D4F-AC56-1589C832E94F}.Release|x64.Build.0 = Release|Any CPU
		{6FE5CF8A-ED61-4D4F-AC56-1589C832E94F}.Release|x86.ActiveCfg = Release|Any CPU
		{6FE5CF8A-ED61-4D4F-AC56-1589C832E94F}.Release|x86.Build.0 = Release|Any CPU
		{70F7FE86-9CA5-4400-9AF7-9A8ED299BFA9}.Debug|Any CPU.ActiveCfg = Debug|Any CPU
		{70F7FE86-9CA5-4400-9AF7-9A8ED299BFA9}.Debug|Any CPU.Build.0 = Debug|Any CPU
		{70F7FE86-9CA5-4400-9AF7-9A8ED299BFA9}.Debug|ARM.ActiveCfg = Debug|Any CPU
		{70F7FE86-9CA5-4400-9AF7-9A8ED299BFA9}.Debug|ARM.Build.0 = Debug|Any CPU
		{70F7FE86-9CA5-4400-9AF7-9A8ED299BFA9}.Debug|ARM64.ActiveCfg = Debug|Any CPU
		{70F7FE86-9CA5-4400-9AF7-9A8ED299BFA9}.Debug|ARM64.Build.0 = Debug|Any CPU
		{70F7FE86-9CA5-4400-9AF7-9A8ED299BFA9}.Debug|x64.ActiveCfg = Debug|Any CPU
		{70F7FE86-9CA5-4400-9AF7-9A8ED299BFA9}.Debug|x64.Build.0 = Debug|Any CPU
		{70F7FE86-9CA5-4400-9AF7-9A8ED299BFA9}.Debug|x86.ActiveCfg = Debug|Any CPU
		{70F7FE86-9CA5-4400-9AF7-9A8ED299BFA9}.Debug|x86.Build.0 = Debug|Any CPU
		{70F7FE86-9CA5-4400-9AF7-9A8ED299BFA9}.Release|Any CPU.ActiveCfg = Release|Any CPU
		{70F7FE86-9CA5-4400-9AF7-9A8ED299BFA9}.Release|Any CPU.Build.0 = Release|Any CPU
		{70F7FE86-9CA5-4400-9AF7-9A8ED299BFA9}.Release|ARM.ActiveCfg = Release|Any CPU
		{70F7FE86-9CA5-4400-9AF7-9A8ED299BFA9}.Release|ARM.Build.0 = Release|Any CPU
		{70F7FE86-9CA5-4400-9AF7-9A8ED299BFA9}.Release|ARM64.ActiveCfg = Release|Any CPU
		{70F7FE86-9CA5-4400-9AF7-9A8ED299BFA9}.Release|ARM64.Build.0 = Release|Any CPU
		{70F7FE86-9CA5-4400-9AF7-9A8ED299BFA9}.Release|x64.ActiveCfg = Release|Any CPU
		{70F7FE86-9CA5-4400-9AF7-9A8ED299BFA9}.Release|x64.Build.0 = Release|Any CPU
		{70F7FE86-9CA5-4400-9AF7-9A8ED299BFA9}.Release|x86.ActiveCfg = Release|Any CPU
		{70F7FE86-9CA5-4400-9AF7-9A8ED299BFA9}.Release|x86.Build.0 = Release|Any CPU
		{387B748E-824A-43AA-B64A-4D83402100EF}.Debug|Any CPU.ActiveCfg = Debug|Any CPU
		{387B748E-824A-43AA-B64A-4D83402100EF}.Debug|Any CPU.Build.0 = Debug|Any CPU
		{387B748E-824A-43AA-B64A-4D83402100EF}.Debug|ARM.ActiveCfg = Debug|Any CPU
		{387B748E-824A-43AA-B64A-4D83402100EF}.Debug|ARM.Build.0 = Debug|Any CPU
		{387B748E-824A-43AA-B64A-4D83402100EF}.Debug|ARM64.ActiveCfg = Debug|Any CPU
		{387B748E-824A-43AA-B64A-4D83402100EF}.Debug|ARM64.Build.0 = Debug|Any CPU
		{387B748E-824A-43AA-B64A-4D83402100EF}.Debug|x64.ActiveCfg = Debug|Any CPU
		{387B748E-824A-43AA-B64A-4D83402100EF}.Debug|x64.Build.0 = Debug|Any CPU
		{387B748E-824A-43AA-B64A-4D83402100EF}.Debug|x86.ActiveCfg = Debug|Any CPU
		{387B748E-824A-43AA-B64A-4D83402100EF}.Debug|x86.Build.0 = Debug|Any CPU
		{387B748E-824A-43AA-B64A-4D83402100EF}.Release|Any CPU.ActiveCfg = Release|Any CPU
		{387B748E-824A-43AA-B64A-4D83402100EF}.Release|Any CPU.Build.0 = Release|Any CPU
		{387B748E-824A-43AA-B64A-4D83402100EF}.Release|ARM.ActiveCfg = Release|Any CPU
		{387B748E-824A-43AA-B64A-4D83402100EF}.Release|ARM.Build.0 = Release|Any CPU
		{387B748E-824A-43AA-B64A-4D83402100EF}.Release|ARM64.ActiveCfg = Release|Any CPU
		{387B748E-824A-43AA-B64A-4D83402100EF}.Release|ARM64.Build.0 = Release|Any CPU
		{387B748E-824A-43AA-B64A-4D83402100EF}.Release|x64.ActiveCfg = Release|Any CPU
		{387B748E-824A-43AA-B64A-4D83402100EF}.Release|x64.Build.0 = Release|Any CPU
		{387B748E-824A-43AA-B64A-4D83402100EF}.Release|x86.ActiveCfg = Release|Any CPU
		{387B748E-824A-43AA-B64A-4D83402100EF}.Release|x86.Build.0 = Release|Any CPU
		{502F03F2-050A-4D9B-B260-7F0D0BC77A64}.Debug|Any CPU.ActiveCfg = Debug|Any CPU
		{502F03F2-050A-4D9B-B260-7F0D0BC77A64}.Debug|Any CPU.Build.0 = Debug|Any CPU
		{502F03F2-050A-4D9B-B260-7F0D0BC77A64}.Debug|ARM.ActiveCfg = Debug|Any CPU
		{502F03F2-050A-4D9B-B260-7F0D0BC77A64}.Debug|ARM.Build.0 = Debug|Any CPU
		{502F03F2-050A-4D9B-B260-7F0D0BC77A64}.Debug|ARM64.ActiveCfg = Debug|Any CPU
		{502F03F2-050A-4D9B-B260-7F0D0BC77A64}.Debug|ARM64.Build.0 = Debug|Any CPU
		{502F03F2-050A-4D9B-B260-7F0D0BC77A64}.Debug|x64.ActiveCfg = Debug|Any CPU
		{502F03F2-050A-4D9B-B260-7F0D0BC77A64}.Debug|x64.Build.0 = Debug|Any CPU
		{502F03F2-050A-4D9B-B260-7F0D0BC77A64}.Debug|x86.ActiveCfg = Debug|Any CPU
		{502F03F2-050A-4D9B-B260-7F0D0BC77A64}.Debug|x86.Build.0 = Debug|Any CPU
		{502F03F2-050A-4D9B-B260-7F0D0BC77A64}.Release|Any CPU.ActiveCfg = Release|Any CPU
		{502F03F2-050A-4D9B-B260-7F0D0BC77A64}.Release|Any CPU.Build.0 = Release|Any CPU
		{502F03F2-050A-4D9B-B260-7F0D0BC77A64}.Release|ARM.ActiveCfg = Release|Any CPU
		{502F03F2-050A-4D9B-B260-7F0D0BC77A64}.Release|ARM.Build.0 = Release|Any CPU
		{502F03F2-050A-4D9B-B260-7F0D0BC77A64}.Release|ARM64.ActiveCfg = Release|Any CPU
		{502F03F2-050A-4D9B-B260-7F0D0BC77A64}.Release|ARM64.Build.0 = Release|Any CPU
		{502F03F2-050A-4D9B-B260-7F0D0BC77A64}.Release|x64.ActiveCfg = Release|Any CPU
		{502F03F2-050A-4D9B-B260-7F0D0BC77A64}.Release|x64.Build.0 = Release|Any CPU
		{502F03F2-050A-4D9B-B260-7F0D0BC77A64}.Release|x86.ActiveCfg = Release|Any CPU
		{502F03F2-050A-4D9B-B260-7F0D0BC77A64}.Release|x86.Build.0 = Release|Any CPU
		{48B10485-B9FD-4C82-B3A6-4B477715146A}.Debug|Any CPU.ActiveCfg = Debug|Any CPU
		{48B10485-B9FD-4C82-B3A6-4B477715146A}.Debug|Any CPU.Build.0 = Debug|Any CPU
		{48B10485-B9FD-4C82-B3A6-4B477715146A}.Debug|ARM.ActiveCfg = Debug|Any CPU
		{48B10485-B9FD-4C82-B3A6-4B477715146A}.Debug|ARM.Build.0 = Debug|Any CPU
		{48B10485-B9FD-4C82-B3A6-4B477715146A}.Debug|ARM64.ActiveCfg = Debug|Any CPU
		{48B10485-B9FD-4C82-B3A6-4B477715146A}.Debug|ARM64.Build.0 = Debug|Any CPU
		{48B10485-B9FD-4C82-B3A6-4B477715146A}.Debug|x64.ActiveCfg = Debug|Any CPU
		{48B10485-B9FD-4C82-B3A6-4B477715146A}.Debug|x64.Build.0 = Debug|Any CPU
		{48B10485-B9FD-4C82-B3A6-4B477715146A}.Debug|x86.ActiveCfg = Debug|Any CPU
		{48B10485-B9FD-4C82-B3A6-4B477715146A}.Debug|x86.Build.0 = Debug|Any CPU
		{48B10485-B9FD-4C82-B3A6-4B477715146A}.Release|Any CPU.ActiveCfg = Release|Any CPU
		{48B10485-B9FD-4C82-B3A6-4B477715146A}.Release|Any CPU.Build.0 = Release|Any CPU
		{48B10485-B9FD-4C82-B3A6-4B477715146A}.Release|ARM.ActiveCfg = Release|Any CPU
		{48B10485-B9FD-4C82-B3A6-4B477715146A}.Release|ARM.Build.0 = Release|Any CPU
		{48B10485-B9FD-4C82-B3A6-4B477715146A}.Release|ARM64.ActiveCfg = Release|Any CPU
		{48B10485-B9FD-4C82-B3A6-4B477715146A}.Release|ARM64.Build.0 = Release|Any CPU
		{48B10485-B9FD-4C82-B3A6-4B477715146A}.Release|x64.ActiveCfg = Release|Any CPU
		{48B10485-B9FD-4C82-B3A6-4B477715146A}.Release|x64.Build.0 = Release|Any CPU
		{48B10485-B9FD-4C82-B3A6-4B477715146A}.Release|x86.ActiveCfg = Release|Any CPU
		{48B10485-B9FD-4C82-B3A6-4B477715146A}.Release|x86.Build.0 = Release|Any CPU
		{EEE72391-B3AF-4972-B57C-8225DE23470E}.Debug|Any CPU.ActiveCfg = Debug|Any CPU
		{EEE72391-B3AF-4972-B57C-8225DE23470E}.Debug|Any CPU.Build.0 = Debug|Any CPU
		{EEE72391-B3AF-4972-B57C-8225DE23470E}.Debug|ARM.ActiveCfg = Debug|Any CPU
		{EEE72391-B3AF-4972-B57C-8225DE23470E}.Debug|ARM.Build.0 = Debug|Any CPU
		{EEE72391-B3AF-4972-B57C-8225DE23470E}.Debug|ARM64.ActiveCfg = Debug|Any CPU
		{EEE72391-B3AF-4972-B57C-8225DE23470E}.Debug|ARM64.Build.0 = Debug|Any CPU
		{EEE72391-B3AF-4972-B57C-8225DE23470E}.Debug|x64.ActiveCfg = Debug|Any CPU
		{EEE72391-B3AF-4972-B57C-8225DE23470E}.Debug|x64.Build.0 = Debug|Any CPU
		{EEE72391-B3AF-4972-B57C-8225DE23470E}.Debug|x86.ActiveCfg = Debug|Any CPU
		{EEE72391-B3AF-4972-B57C-8225DE23470E}.Debug|x86.Build.0 = Debug|Any CPU
		{EEE72391-B3AF-4972-B57C-8225DE23470E}.Release|Any CPU.ActiveCfg = Release|Any CPU
		{EEE72391-B3AF-4972-B57C-8225DE23470E}.Release|Any CPU.Build.0 = Release|Any CPU
		{EEE72391-B3AF-4972-B57C-8225DE23470E}.Release|ARM.ActiveCfg = Release|Any CPU
		{EEE72391-B3AF-4972-B57C-8225DE23470E}.Release|ARM.Build.0 = Release|Any CPU
		{EEE72391-B3AF-4972-B57C-8225DE23470E}.Release|ARM64.ActiveCfg = Release|Any CPU
		{EEE72391-B3AF-4972-B57C-8225DE23470E}.Release|ARM64.Build.0 = Release|Any CPU
		{EEE72391-B3AF-4972-B57C-8225DE23470E}.Release|x64.ActiveCfg = Release|Any CPU
		{EEE72391-B3AF-4972-B57C-8225DE23470E}.Release|x64.Build.0 = Release|Any CPU
		{EEE72391-B3AF-4972-B57C-8225DE23470E}.Release|x86.ActiveCfg = Release|Any CPU
		{EEE72391-B3AF-4972-B57C-8225DE23470E}.Release|x86.Build.0 = Release|Any CPU
		{4D95F1B2-8848-4BE9-A7D4-BE6AE377B34E}.Debug|Any CPU.ActiveCfg = Debug|Any CPU
		{4D95F1B2-8848-4BE9-A7D4-BE6AE377B34E}.Debug|Any CPU.Build.0 = Debug|Any CPU
		{4D95F1B2-8848-4BE9-A7D4-BE6AE377B34E}.Debug|ARM.ActiveCfg = Debug|Any CPU
		{4D95F1B2-8848-4BE9-A7D4-BE6AE377B34E}.Debug|ARM.Build.0 = Debug|Any CPU
		{4D95F1B2-8848-4BE9-A7D4-BE6AE377B34E}.Debug|ARM64.ActiveCfg = Debug|Any CPU
		{4D95F1B2-8848-4BE9-A7D4-BE6AE377B34E}.Debug|ARM64.Build.0 = Debug|Any CPU
		{4D95F1B2-8848-4BE9-A7D4-BE6AE377B34E}.Debug|x64.ActiveCfg = Debug|Any CPU
		{4D95F1B2-8848-4BE9-A7D4-BE6AE377B34E}.Debug|x64.Build.0 = Debug|Any CPU
		{4D95F1B2-8848-4BE9-A7D4-BE6AE377B34E}.Debug|x86.ActiveCfg = Debug|Any CPU
		{4D95F1B2-8848-4BE9-A7D4-BE6AE377B34E}.Debug|x86.Build.0 = Debug|Any CPU
		{4D95F1B2-8848-4BE9-A7D4-BE6AE377B34E}.Release|Any CPU.ActiveCfg = Release|Any CPU
		{4D95F1B2-8848-4BE9-A7D4-BE6AE377B34E}.Release|Any CPU.Build.0 = Release|Any CPU
		{4D95F1B2-8848-4BE9-A7D4-BE6AE377B34E}.Release|ARM.ActiveCfg = Release|Any CPU
		{4D95F1B2-8848-4BE9-A7D4-BE6AE377B34E}.Release|ARM.Build.0 = Release|Any CPU
		{4D95F1B2-8848-4BE9-A7D4-BE6AE377B34E}.Release|ARM64.ActiveCfg = Release|Any CPU
		{4D95F1B2-8848-4BE9-A7D4-BE6AE377B34E}.Release|ARM64.Build.0 = Release|Any CPU
		{4D95F1B2-8848-4BE9-A7D4-BE6AE377B34E}.Release|x64.ActiveCfg = Release|Any CPU
		{4D95F1B2-8848-4BE9-A7D4-BE6AE377B34E}.Release|x64.Build.0 = Release|Any CPU
		{4D95F1B2-8848-4BE9-A7D4-BE6AE377B34E}.Release|x86.ActiveCfg = Release|Any CPU
		{4D95F1B2-8848-4BE9-A7D4-BE6AE377B34E}.Release|x86.Build.0 = Release|Any CPU
		{9EE7AAE5-755D-4F9E-AA77-4F62A296858C}.Debug|Any CPU.ActiveCfg = Debug|Any CPU
		{9EE7AAE5-755D-4F9E-AA77-4F62A296858C}.Debug|Any CPU.Build.0 = Debug|Any CPU
		{9EE7AAE5-755D-4F9E-AA77-4F62A296858C}.Debug|ARM.ActiveCfg = Debug|Any CPU
		{9EE7AAE5-755D-4F9E-AA77-4F62A296858C}.Debug|ARM.Build.0 = Debug|Any CPU
		{9EE7AAE5-755D-4F9E-AA77-4F62A296858C}.Debug|ARM64.ActiveCfg = Debug|Any CPU
		{9EE7AAE5-755D-4F9E-AA77-4F62A296858C}.Debug|ARM64.Build.0 = Debug|Any CPU
		{9EE7AAE5-755D-4F9E-AA77-4F62A296858C}.Debug|x64.ActiveCfg = Debug|Any CPU
		{9EE7AAE5-755D-4F9E-AA77-4F62A296858C}.Debug|x64.Build.0 = Debug|Any CPU
		{9EE7AAE5-755D-4F9E-AA77-4F62A296858C}.Debug|x86.ActiveCfg = Debug|Any CPU
		{9EE7AAE5-755D-4F9E-AA77-4F62A296858C}.Debug|x86.Build.0 = Debug|Any CPU
		{9EE7AAE5-755D-4F9E-AA77-4F62A296858C}.Release|Any CPU.ActiveCfg = Release|Any CPU
		{9EE7AAE5-755D-4F9E-AA77-4F62A296858C}.Release|Any CPU.Build.0 = Release|Any CPU
		{9EE7AAE5-755D-4F9E-AA77-4F62A296858C}.Release|ARM.ActiveCfg = Release|Any CPU
		{9EE7AAE5-755D-4F9E-AA77-4F62A296858C}.Release|ARM.Build.0 = Release|Any CPU
		{9EE7AAE5-755D-4F9E-AA77-4F62A296858C}.Release|ARM64.ActiveCfg = Release|Any CPU
		{9EE7AAE5-755D-4F9E-AA77-4F62A296858C}.Release|ARM64.Build.0 = Release|Any CPU
		{9EE7AAE5-755D-4F9E-AA77-4F62A296858C}.Release|x64.ActiveCfg = Release|Any CPU
		{9EE7AAE5-755D-4F9E-AA77-4F62A296858C}.Release|x64.Build.0 = Release|Any CPU
		{9EE7AAE5-755D-4F9E-AA77-4F62A296858C}.Release|x86.ActiveCfg = Release|Any CPU
		{9EE7AAE5-755D-4F9E-AA77-4F62A296858C}.Release|x86.Build.0 = Release|Any CPU
		{99D04A14-7064-4D01-A1C5-5C00F8029230}.Debug|Any CPU.ActiveCfg = Debug|Any CPU
		{99D04A14-7064-4D01-A1C5-5C00F8029230}.Debug|Any CPU.Build.0 = Debug|Any CPU
		{99D04A14-7064-4D01-A1C5-5C00F8029230}.Debug|ARM.ActiveCfg = Debug|Any CPU
		{99D04A14-7064-4D01-A1C5-5C00F8029230}.Debug|ARM.Build.0 = Debug|Any CPU
		{99D04A14-7064-4D01-A1C5-5C00F8029230}.Debug|ARM64.ActiveCfg = Debug|Any CPU
		{99D04A14-7064-4D01-A1C5-5C00F8029230}.Debug|ARM64.Build.0 = Debug|Any CPU
		{99D04A14-7064-4D01-A1C5-5C00F8029230}.Debug|x64.ActiveCfg = Debug|Any CPU
		{99D04A14-7064-4D01-A1C5-5C00F8029230}.Debug|x64.Build.0 = Debug|Any CPU
		{99D04A14-7064-4D01-A1C5-5C00F8029230}.Debug|x86.ActiveCfg = Debug|Any CPU
		{99D04A14-7064-4D01-A1C5-5C00F8029230}.Debug|x86.Build.0 = Debug|Any CPU
		{99D04A14-7064-4D01-A1C5-5C00F8029230}.Release|Any CPU.ActiveCfg = Release|Any CPU
		{99D04A14-7064-4D01-A1C5-5C00F8029230}.Release|Any CPU.Build.0 = Release|Any CPU
		{99D04A14-7064-4D01-A1C5-5C00F8029230}.Release|ARM.ActiveCfg = Release|Any CPU
		{99D04A14-7064-4D01-A1C5-5C00F8029230}.Release|ARM.Build.0 = Release|Any CPU
		{99D04A14-7064-4D01-A1C5-5C00F8029230}.Release|ARM64.ActiveCfg = Release|Any CPU
		{99D04A14-7064-4D01-A1C5-5C00F8029230}.Release|ARM64.Build.0 = Release|Any CPU
		{99D04A14-7064-4D01-A1C5-5C00F8029230}.Release|x64.ActiveCfg = Release|Any CPU
		{99D04A14-7064-4D01-A1C5-5C00F8029230}.Release|x64.Build.0 = Release|Any CPU
		{99D04A14-7064-4D01-A1C5-5C00F8029230}.Release|x86.ActiveCfg = Release|Any CPU
		{99D04A14-7064-4D01-A1C5-5C00F8029230}.Release|x86.Build.0 = Release|Any CPU
		{EFE710DF-F90F-42EA-939E-4D63FB045A94}.Debug|Any CPU.ActiveCfg = Debug|Any CPU
		{EFE710DF-F90F-42EA-939E-4D63FB045A94}.Debug|Any CPU.Build.0 = Debug|Any CPU
		{EFE710DF-F90F-42EA-939E-4D63FB045A94}.Debug|ARM.ActiveCfg = Debug|Any CPU
		{EFE710DF-F90F-42EA-939E-4D63FB045A94}.Debug|ARM.Build.0 = Debug|Any CPU
		{EFE710DF-F90F-42EA-939E-4D63FB045A94}.Debug|ARM64.ActiveCfg = Debug|Any CPU
		{EFE710DF-F90F-42EA-939E-4D63FB045A94}.Debug|ARM64.Build.0 = Debug|Any CPU
		{EFE710DF-F90F-42EA-939E-4D63FB045A94}.Debug|x64.ActiveCfg = Debug|Any CPU
		{EFE710DF-F90F-42EA-939E-4D63FB045A94}.Debug|x64.Build.0 = Debug|Any CPU
		{EFE710DF-F90F-42EA-939E-4D63FB045A94}.Debug|x86.ActiveCfg = Debug|Any CPU
		{EFE710DF-F90F-42EA-939E-4D63FB045A94}.Debug|x86.Build.0 = Debug|Any CPU
		{EFE710DF-F90F-42EA-939E-4D63FB045A94}.Release|Any CPU.ActiveCfg = Release|Any CPU
		{EFE710DF-F90F-42EA-939E-4D63FB045A94}.Release|Any CPU.Build.0 = Release|Any CPU
		{EFE710DF-F90F-42EA-939E-4D63FB045A94}.Release|ARM.ActiveCfg = Release|Any CPU
		{EFE710DF-F90F-42EA-939E-4D63FB045A94}.Release|ARM.Build.0 = Release|Any CPU
		{EFE710DF-F90F-42EA-939E-4D63FB045A94}.Release|ARM64.ActiveCfg = Release|Any CPU
		{EFE710DF-F90F-42EA-939E-4D63FB045A94}.Release|ARM64.Build.0 = Release|Any CPU
		{EFE710DF-F90F-42EA-939E-4D63FB045A94}.Release|x64.ActiveCfg = Release|Any CPU
		{EFE710DF-F90F-42EA-939E-4D63FB045A94}.Release|x64.Build.0 = Release|Any CPU
		{EFE710DF-F90F-42EA-939E-4D63FB045A94}.Release|x86.ActiveCfg = Release|Any CPU
		{EFE710DF-F90F-42EA-939E-4D63FB045A94}.Release|x86.Build.0 = Release|Any CPU
		{2AAC5754-8114-4C86-990F-99E12106A68D}.Debug|Any CPU.ActiveCfg = Debug|Any CPU
		{2AAC5754-8114-4C86-990F-99E12106A68D}.Debug|Any CPU.Build.0 = Debug|Any CPU
		{2AAC5754-8114-4C86-990F-99E12106A68D}.Debug|ARM.ActiveCfg = Debug|Any CPU
		{2AAC5754-8114-4C86-990F-99E12106A68D}.Debug|ARM.Build.0 = Debug|Any CPU
		{2AAC5754-8114-4C86-990F-99E12106A68D}.Debug|ARM64.ActiveCfg = Debug|Any CPU
		{2AAC5754-8114-4C86-990F-99E12106A68D}.Debug|ARM64.Build.0 = Debug|Any CPU
		{2AAC5754-8114-4C86-990F-99E12106A68D}.Debug|x64.ActiveCfg = Debug|Any CPU
		{2AAC5754-8114-4C86-990F-99E12106A68D}.Debug|x64.Build.0 = Debug|Any CPU
		{2AAC5754-8114-4C86-990F-99E12106A68D}.Debug|x86.ActiveCfg = Debug|Any CPU
		{2AAC5754-8114-4C86-990F-99E12106A68D}.Debug|x86.Build.0 = Debug|Any CPU
		{2AAC5754-8114-4C86-990F-99E12106A68D}.Release|Any CPU.ActiveCfg = Release|Any CPU
		{2AAC5754-8114-4C86-990F-99E12106A68D}.Release|Any CPU.Build.0 = Release|Any CPU
		{2AAC5754-8114-4C86-990F-99E12106A68D}.Release|ARM.ActiveCfg = Release|Any CPU
		{2AAC5754-8114-4C86-990F-99E12106A68D}.Release|ARM.Build.0 = Release|Any CPU
		{2AAC5754-8114-4C86-990F-99E12106A68D}.Release|ARM64.ActiveCfg = Release|Any CPU
		{2AAC5754-8114-4C86-990F-99E12106A68D}.Release|ARM64.Build.0 = Release|Any CPU
		{2AAC5754-8114-4C86-990F-99E12106A68D}.Release|x64.ActiveCfg = Release|Any CPU
		{2AAC5754-8114-4C86-990F-99E12106A68D}.Release|x64.Build.0 = Release|Any CPU
		{2AAC5754-8114-4C86-990F-99E12106A68D}.Release|x86.ActiveCfg = Release|Any CPU
		{2AAC5754-8114-4C86-990F-99E12106A68D}.Release|x86.Build.0 = Release|Any CPU
	EndGlobalSection
	GlobalSection(SolutionProperties) = preSolution
		HideSolutionNode = FALSE
	EndGlobalSection
	GlobalSection(NestedProjects) = preSolution
		{F24A15C1-93BF-457C-85E1-96C53AE66274} = {BA21A43E-BAF5-4583-9EAC-3D9D9A1E0476}
		{6FE5CF8A-ED61-4D4F-AC56-1589C832E94F} = {BA21A43E-BAF5-4583-9EAC-3D9D9A1E0476}
		{70F7FE86-9CA5-4400-9AF7-9A8ED299BFA9} = {76EBF98F-6BC9-41CB-AFA5-F5BC90E44CEA}
		{387B748E-824A-43AA-B64A-4D83402100EF} = {76EBF98F-6BC9-41CB-AFA5-F5BC90E44CEA}
		{502F03F2-050A-4D9B-B260-7F0D0BC77A64} = {BA21A43E-BAF5-4583-9EAC-3D9D9A1E0476}
		{48B10485-B9FD-4C82-B3A6-4B477715146A} = {1E5ED147-4DB6-4794-B63D-17F3675321BB}
		{EEE72391-B3AF-4972-B57C-8225DE23470E} = {BA21A43E-BAF5-4583-9EAC-3D9D9A1E0476}
		{4D95F1B2-8848-4BE9-A7D4-BE6AE377B34E} = {1E5ED147-4DB6-4794-B63D-17F3675321BB}
		{99D04A14-7064-4D01-A1C5-5C00F8029230} = {BA21A43E-BAF5-4583-9EAC-3D9D9A1E0476}
		{76EBF98F-6BC9-41CB-AFA5-F5BC90E44CEA} = {BA21A43E-BAF5-4583-9EAC-3D9D9A1E0476}
		{EFE710DF-F90F-42EA-939E-4D63FB045A94} = {1E5ED147-4DB6-4794-B63D-17F3675321BB}
		{2AAC5754-8114-4C86-990F-99E12106A68D} = {1E5ED147-4DB6-4794-B63D-17F3675321BB}
	EndGlobalSection
	GlobalSection(ExtensibilityGlobals) = postSolution
		SolutionGuid = {BC8232C1-0AA7-47BF-B76B-547E1ADBEF99}
	EndGlobalSection
EndGlobal
